{
  "requires": true,
  "lockfileVersion": 1,
  "dependencies": {
    "moment": {
      "version": "2.29.1",
      "resolved": "https://registry.npmjs.org/moment/-/moment-2.29.1.tgz",
      "integrity": "sha512-kHmoybcPV8Sqy59DwNDY3Jefr64lK/by/da0ViFcuA4DH0vQg5Q6Ze5VimxkfQNSC+Mls/Kx53s7TjP1RhFEDQ=="
    },
    "vuetify": {
      "version": "2.3.13",
      "resolved": "https://registry.npmjs.org/vuetify/-/vuetify-2.3.13.tgz",
      "integrity": "sha512-1908+xtI329/L1MNdZ7DQ16u/HDOq7gNxSYREdQhzCKNWUymdkaFYaBY9kKPQd1JTwT+xQL7GKCH/fr9xrS1AA=="
    }
  }
}
