{
  "requires": true,
  "lockfileVersion": 1,
  "dependencies": {
    "@babel/runtime-corejs2": {
      "version": "7.11.2",
      "resolved": "https://registry.npmjs.org/@babel/runtime-corejs2/-/runtime-corejs2-7.11.2.tgz",
      "integrity": "sha512-AC/ciV28adSSpEkBglONBWq4/Lvm6GAZuxIoyVtsnUpZMl0bxLtoChEnYAkP+47KyOCayZanojtflUEUJtR/6Q==",
      "requires": {
        "core-js": "^2.6.5",
        "regenerator-runtime": "^0.13.4"
      }
    },
    "babel-runtime": {
      "version": "6.26.0",
      "resolved": "https://registry.npmjs.org/babel-runtime/-/babel-runtime-6.26.0.tgz",
      "integrity": "sha1-llxwWGaOgrVde/4E/yM3vItWR/4=",
      "requires": {
        "core-js": "^2.4.0",
        "regenerator-runtime": "^0.11.0"
      },
      "dependencies": {
        "regenerator-runtime": {
          "version": "0.11.1",
          "resolved": "https://registry.npmjs.org/regenerator-runtime/-/regenerator-runtime-0.11.1.tgz",
          "integrity": "sha512-MguG95oij0fC3QV3URf4V2SDYGJhJnJGqvIIgdECeODCT98wSWDAJ94SSuVpYQUoTcGUIL6L4yNB7j1DFFHSBg=="
        }
      }
    },
    "core-js": {
      "version": "2.6.11",
      "resolved": "https://registry.npmjs.org/core-js/-/core-js-2.6.11.tgz",
      "integrity": "sha512-5wjnpaT/3dV+XB4borEsnAYQchn00XSgTAWKDkEqv+K8KevjbzmofK6hfJ9TZIlpj2N0xQpazy7PiRQiWHqzWg=="
    },
    "froala-editor": {
      "version": "3.2.2",
      "resolved": "https://registry.npmjs.org/froala-editor/-/froala-editor-3.2.2.tgz",
      "integrity": "sha512-W7xK80FPf2okK/YgtWWnF00Q8qXS2MALGtSNcvf7lWBhh7sxRO3F8clOzVjI/ztS8orwfd2o/FwxcowMX5SJRg=="
    },
    "moment": {
      "version": "2.29.1",
      "resolved": "https://registry.npmjs.org/moment/-/moment-2.29.1.tgz",
      "integrity": "sha512-kHmoybcPV8Sqy59DwNDY3Jefr64lK/by/da0ViFcuA4DH0vQg5Q6Ze5VimxkfQNSC+Mls/Kx53s7TjP1RhFEDQ=="
    },
    "regenerator-runtime": {
      "version": "0.13.7",
      "resolved": "https://registry.npmjs.org/regenerator-runtime/-/regenerator-runtime-0.13.7.tgz",
      "integrity": "sha512-a54FxoJDIr27pgf7IgeQGxmqUNYrcV338lf/6gH456HZ/PhX+5BcwHXG9ajESmwe6WRO0tAzRUrRmNONWgkrew=="
    },
    "vue": {
      "version": "2.6.6",
      "resolved": "https://registry.npmjs.org/vue/-/vue-2.6.6.tgz",
      "integrity": "sha512-Y2DdOZD8sxApS+iUlwv1v8U1qN41kq6Kw45lM6nVZKhygeWA49q7VCCXkjXqeDBXgurrKWkYQ9cJeEJwAq0b9Q=="
    },
    "vue-froala-wysiwyg": {
      "version": "3.2.2",
      "resolved": "https://registry.npmjs.org/vue-froala-wysiwyg/-/vue-froala-wysiwyg-3.2.2.tgz",
      "integrity": "sha512-bze87690XGcRmC85wRb4ewgQvmpSEy7aTAJqa46AjcIqrwmj4N+qQBbgysYVyDm2SVQvcS37e8LdJ8wNHQHG7g==",
      "requires": {
        "@babel/runtime-corejs2": "^7.7.7",
        "babel-runtime": "^6.26.0",
        "froala-editor": "^3.2.2",
        "vue": "2.6.6"
      }
    },
    "vuetify": {
      "version": "2.3.13",
      "resolved": "https://registry.npmjs.org/vuetify/-/vuetify-2.3.13.tgz",
      "integrity": "sha512-1908+xtI329/L1MNdZ7DQ16u/HDOq7gNxSYREdQhzCKNWUymdkaFYaBY9kKPQd1JTwT+xQL7GKCH/fr9xrS1AA=="
    }
  }
}
